
Microsoft Visual Studio Solution File, Format Version 12.00
# Visual Studio Version 17
VisualStudioVersion = 17.7.34202.233
MinimumVisualStudioVersion = 10.0.40219.1
Project("{FAE04EC0-301F-11D3-BF4B-00C04F79EFBC}") = "demo1", "WebApplication1\demo1.csproj", "{1FC93C0D-97C0-4436-A983-7E6148EF98C0}"
EndProject
Global
	GlobalSection(SolutionConfigurationPlatforms) = preSolution
		Debug|Any CPU = Debug|Any CPU
		Release|Any CPU = Release|Any CPU
	EndGlobalSection
	GlobalSection(ProjectConfigurationPlatforms) = postSolution
		{1FC93C0D-97C0-4436-A983-7E6148EF98C0}.Debug|Any CPU.ActiveCfg = Debug|Any CPU
		{1FC93C0D-97C0-4436-A983-7E6148EF98C0}.Debug|Any CPU.Build.0 = Debug|Any CPU
		{1FC93C0D-97C0-4436-A983-7E6148EF98C0}.Release|Any CPU.ActiveCfg = Release|Any CPU
		{1FC93C0D-97C0-4436-A983-7E6148EF98C0}.Release|Any CPU.Build.0 = Release|Any CPU
	EndGlobalSection
	GlobalSection(SolutionProperties) = preSolution
		HideSolutionNode = FALSE
	EndGlobalSection
	GlobalSection(ExtensibilityGlobals) = postSolution
		SolutionGuid = {CAF74B38-6178-44BB-B107-E1CC10050172}
	EndGlobalSection
EndGlobal
